
Microsoft Visual Studio Solution File, Format Version 12.00
Project("{FAE04EC0-301F-11D3-BF4B-00C04F79EFBC}") = "SocialMediaApp.api", "SocialMediaApp.api\SocialMediaApp.api.csproj", "{61F086F5-E0B9-426D-B21A-D4930AC07910}"
EndProject
Global
	GlobalSection(SolutionConfigurationPlatforms) = preSolution
		Debug|Any CPU = Debug|Any CPU
		Release|Any CPU = Release|Any CPU
	EndGlobalSection
	GlobalSection(ProjectConfigurationPlatforms) = postSolution
		{61F086F5-E0B9-426D-B21A-D4930AC07910}.Debug|Any CPU.ActiveCfg = Debug|Any CPU
		{61F086F5-E0B9-426D-B21A-D4930AC07910}.Debug|Any CPU.Build.0 = Debug|Any CPU
		{61F086F5-E0B9-426D-B21A-D4930AC07910}.Release|Any CPU.ActiveCfg = Release|Any CPU
		{61F086F5-E0B9-426D-B21A-D4930AC07910}.Release|Any CPU.Build.0 = Release|Any CPU
	EndGlobalSection
EndGlobal
